
Microsoft Visual Studio Solution File, Format Version 12.00
# Visual Studio Version 16
VisualStudioVersion = 16.0.34729.46
MinimumVisualStudioVersion = 10.0.40219.1
Project("{FAE04EC0-301F-11D3-BF4B-00C04F79EFBC}") = "Win_Gyak", "Win_Gyak\Win_Gyak.csproj", "{2626A75B-97B3-4393-816B-FBDA5B87C3CD}"
EndProject
Global
	GlobalSection(SolutionConfigurationPlatforms) = preSolution
		Debug|Any CPU = Debug|Any CPU
		Release|Any CPU = Release|Any CPU
	EndGlobalSection
	GlobalSection(ProjectConfigurationPlatforms) = postSolution
		{2626A75B-97B3-4393-816B-FBDA5B87C3CD}.Debug|Any CPU.ActiveCfg = Debug|Any CPU
		{2626A75B-97B3-4393-816B-FBDA5B87C3CD}.Debug|Any CPU.Build.0 = Debug|Any CPU
		{2626A75B-97B3-4393-816B-FBDA5B87C3CD}.Release|Any CPU.ActiveCfg = Release|Any CPU
		{2626A75B-97B3-4393-816B-FBDA5B87C3CD}.Release|Any CPU.Build.0 = Release|Any CPU
	EndGlobalSection
	GlobalSection(SolutionProperties) = preSolution
		HideSolutionNode = FALSE
	EndGlobalSection
	GlobalSection(ExtensibilityGlobals) = postSolution
		SolutionGuid = {D23573D0-CB3D-406A-8413-C6E9A94EC8E1}
	EndGlobalSection
EndGlobal
